
Microsoft Visual Studio Solution File, Format Version 12.00
# Visual Studio Version 17
VisualStudioVersion = 17.0.31903.59
MinimumVisualStudioVersion = 10.0.40219.1
Project("{FAE04EC0-301F-11D3-BF4B-00C04F79EFBC}") = "API", "API\API.csproj", "{250F4496-BADE-430A-BC38-7A305648D58F}"
EndProject
Project("{FAE04EC0-301F-11D3-BF4B-00C04F79EFBC}") = "Application", "Application\Application.csproj", "{E3B898F2-04C6-44BD-8F60-E9D3F27EFDCE}"
EndProject
Project("{FAE04EC0-301F-11D3-BF4B-00C04F79EFBC}") = "Persistence", "Persistence\Persistence.csproj", "{8869BFA7-04CF-4E27-8389-418241F82016}"
EndProject
Project("{FAE04EC0-301F-11D3-BF4B-00C04F79EFBC}") = "Domain", "Domain\Domain.csproj", "{02114259-7FFC-49A6-AFEE-A20BF8F86E41}"
EndProject
Global
	GlobalSection(SolutionConfigurationPlatforms) = preSolution
		Debug|Any CPU = Debug|Any CPU
		Release|Any CPU = Release|Any CPU
	EndGlobalSection
	GlobalSection(SolutionProperties) = preSolution
		HideSolutionNode = FALSE
	EndGlobalSection
	GlobalSection(ProjectConfigurationPlatforms) = postSolution
		{250F4496-BADE-430A-BC38-7A305648D58F}.Debug|Any CPU.ActiveCfg = Debug|Any CPU
		{250F4496-BADE-430A-BC38-7A305648D58F}.Debug|Any CPU.Build.0 = Debug|Any CPU
		{250F4496-BADE-430A-BC38-7A305648D58F}.Release|Any CPU.ActiveCfg = Release|Any CPU
		{250F4496-BADE-430A-BC38-7A305648D58F}.Release|Any CPU.Build.0 = Release|Any CPU
		{E3B898F2-04C6-44BD-8F60-E9D3F27EFDCE}.Debug|Any CPU.ActiveCfg = Debug|Any CPU
		{E3B898F2-04C6-44BD-8F60-E9D3F27EFDCE}.Debug|Any CPU.Build.0 = Debug|Any CPU
		{E3B898F2-04C6-44BD-8F60-E9D3F27EFDCE}.Release|Any CPU.ActiveCfg = Release|Any CPU
		{E3B898F2-04C6-44BD-8F60-E9D3F27EFDCE}.Release|Any CPU.Build.0 = Release|Any CPU
		{8869BFA7-04CF-4E27-8389-418241F82016}.Debug|Any CPU.ActiveCfg = Debug|Any CPU
		{8869BFA7-04CF-4E27-8389-418241F82016}.Debug|Any CPU.Build.0 = Debug|Any CPU
		{8869BFA7-04CF-4E27-8389-418241F82016}.Release|Any CPU.ActiveCfg = Release|Any CPU
		{8869BFA7-04CF-4E27-8389-418241F82016}.Release|Any CPU.Build.0 = Release|Any CPU
		{02114259-7FFC-49A6-AFEE-A20BF8F86E41}.Debug|Any CPU.ActiveCfg = Debug|Any CPU
		{02114259-7FFC-49A6-AFEE-A20BF8F86E41}.Debug|Any CPU.Build.0 = Debug|Any CPU
		{02114259-7FFC-49A6-AFEE-A20BF8F86E41}.Release|Any CPU.ActiveCfg = Release|Any CPU
		{02114259-7FFC-49A6-AFEE-A20BF8F86E41}.Release|Any CPU.Build.0 = Release|Any CPU
	EndGlobalSection
EndGlobal
